{
  "originHash" : "5a8c33a16576630bfbde540815a042806fde25a141cf5cfec6d21f55659b7cc1",
  "pins" : [
    {
      "identity" : "swift-project-service",
      "kind" : "remoteSourceControl",
      "location" : "https://github.com/femimarket/swift-project-service",
      "state" : {
        "branch" : "main",
        "revision" : "4d6dad99ff29e2265fca66a366c2abbc46a41559"
      }
    }
  ],
  "version" : 3
}
